
Microsoft Visual Studio Solution File, Format Version 12.00
# Visual Studio Version 17
VisualStudioVersion = 17.7.34003.232
MinimumVisualStudioVersion = 10.0.40219.1
Project("{FAE04EC0-301F-11D3-BF4B-00C04F79EFBC}") = "Objects & Strings", "Objects & Strings\Objects & Strings.csproj", "{67A272C1-1910-44CD-BCA8-AF42CB81AB93}"
EndProject
Global
	GlobalSection(SolutionConfigurationPlatforms) = preSolution
		Debug|Any CPU = Debug|Any CPU
		Release|Any CPU = Release|Any CPU
	EndGlobalSection
	GlobalSection(ProjectConfigurationPlatforms) = postSolution
		{67A272C1-1910-44CD-BCA8-AF42CB81AB93}.Debug|Any CPU.ActiveCfg = Debug|Any CPU
		{67A272C1-1910-44CD-BCA8-AF42CB81AB93}.Debug|Any CPU.Build.0 = Debug|Any CPU
		{67A272C1-1910-44CD-BCA8-AF42CB81AB93}.Release|Any CPU.ActiveCfg = Release|Any CPU
		{67A272C1-1910-44CD-BCA8-AF42CB81AB93}.Release|Any CPU.Build.0 = Release|Any CPU
	EndGlobalSection
	GlobalSection(SolutionProperties) = preSolution
		HideSolutionNode = FALSE
	EndGlobalSection
	GlobalSection(ExtensibilityGlobals) = postSolution
		SolutionGuid = {2A2AA082-8523-4FC7-91F6-CE1DB4E797B8}
	EndGlobalSection
EndGlobal
